{
  "name": "tle-example",
  "version": "1.0.0",
  "lockfileVersion": 1,
  "requires": true,
  "dependencies": {
    "satellite.js": {
      "version": "4.0.0",
      "resolved": "https://registry.npmjs.org/satellite.js/-/satellite.js-4.0.0.tgz",
      "integrity": "sha512-Ij6PC1TRhjr3ySLgGlUOh9VQzOX6GGr+3fmsykF4SPBCRkUzBWOVUEhrUBkC/ME3RHTqIxMT0J+5esnuTFInCA=="
    },
    "tle.js": {
      "version": "4.1.0",
      "resolved": "https://registry.npmjs.org/tle.js/-/tle.js-4.1.0.tgz",
      "integrity": "sha512-0TfogJ6fT4ONuylk+PMUte3zQ1lkZfDswfg9b6nQw2IG8UIdJDr3APvUvxdXd/J3GOGtKRmOMyn9ULRWWXmogA==",
      "requires": {
        "satellite.js": "^4.0.0"
      }
    }
  }
}
